
Microsoft Visual Studio Solution File, Format Version 12.00
# Visual Studio 14
VisualStudioVersion = 14.0.25420.1
MinimumVisualStudioVersion = 10.0.40219.1
Project("{FAE04EC0-301F-11D3-BF4B-00C04F79EFBC}") = "ZoDream.Reader", "ZoDream.Reader\ZoDream.Reader.csproj", "{4B98E3DD-832F-48EE-8844-D8627CFBEFDC}"
EndProject
Project("{FAE04EC0-301F-11D3-BF4B-00C04F79EFBC}") = "UWP.Reader", "UWP.Reader\UWP.Reader.csproj", "{9E328C98-9480-4E23-A76D-01578142D104}"
EndProject
Project("{FAE04EC0-301F-11D3-BF4B-00C04F79EFBC}") = "Test.Pager", "Test.Pager\Test.Pager.csproj", "{40F03FAC-5C91-4CD1-A760-49A41EC7EB4A}"
EndProject
Global
	GlobalSection(SolutionConfigurationPlatforms) = preSolution
		Debug|Any CPU = Debug|Any CPU
		Debug|ARM = Debug|ARM
		Debug|x64 = Debug|x64
		Debug|x86 = Debug|x86
		Release|Any CPU = Release|Any CPU
		Release|ARM = Release|ARM
		Release|x64 = Release|x64
		Release|x86 = Release|x86
	EndGlobalSection
	GlobalSection(ProjectConfigurationPlatforms) = postSolution
		{4B98E3DD-832F-48EE-8844-D8627CFBEFDC}.Debug|Any CPU.ActiveCfg = Debug|Any CPU
		{4B98E3DD-832F-48EE-8844-D8627CFBEFDC}.Debug|Any CPU.Build.0 = Debug|Any CPU
		{4B98E3DD-832F-48EE-8844-D8627CFBEFDC}.Debug|ARM.ActiveCfg = Debug|Any CPU
		{4B98E3DD-832F-48EE-8844-D8627CFBEFDC}.Debug|ARM.Build.0 = Debug|Any CPU
		{4B98E3DD-832F-48EE-8844-D8627CFBEFDC}.Debug|x64.ActiveCfg = Debug|Any CPU
		{4B98E3DD-832F-48EE-8844-D8627CFBEFDC}.Debug|x64.Build.0 = Debug|Any CPU
		{4B98E3DD-832F-48EE-8844-D8627CFBEFDC}.Debug|x86.ActiveCfg = Debug|Any CPU
		{4B98E3DD-832F-48EE-8844-D8627CFBEFDC}.Debug|x86.Build.0 = Debug|Any CPU
		{4B98E3DD-832F-48EE-8844-D8627CFBEFDC}.Release|Any CPU.ActiveCfg = Release|Any CPU
		{4B98E3DD-832F-48EE-8844-D8627CFBEFDC}.Release|Any CPU.Build.0 = Release|Any CPU
		{4B98E3DD-832F-48EE-8844-D8627CFBEFDC}.Release|ARM.ActiveCfg = Release|Any CPU
		{4B98E3DD-832F-48EE-8844-D8627CFBEFDC}.Release|ARM.Build.0 = Release|Any CPU
		{4B98E3DD-832F-48EE-8844-D8627CFBEFDC}.Release|x64.ActiveCfg = Release|Any CPU
		{4B98E3DD-832F-48EE-8844-D8627CFBEFDC}.Release|x64.Build.0 = Release|Any CPU
		{4B98E3DD-832F-48EE-8844-D8627CFBEFDC}.Release|x86.ActiveCfg = Release|Any CPU
		{4B98E3DD-832F-48EE-8844-D8627CFBEFDC}.Release|x86.Build.0 = Release|Any CPU
		{9E328C98-9480-4E23-A76D-01578142D104}.Debug|Any CPU.ActiveCfg = Debug|x86
		{9E328C98-9480-4E23-A76D-01578142D104}.Debug|ARM.ActiveCfg = Debug|ARM
		{9E328C98-9480-4E23-A76D-01578142D104}.Debug|ARM.Build.0 = Debug|ARM
		{9E328C98-9480-4E23-A76D-01578142D104}.Debug|ARM.Deploy.0 = Debug|ARM
		{9E328C98-9480-4E23-A76D-01578142D104}.Debug|x64.ActiveCfg = Debug|x64
		{9E328C98-9480-4E23-A76D-01578142D104}.Debug|x64.Build.0 = Debug|x64
		{9E328C98-9480-4E23-A76D-01578142D104}.Debug|x64.Deploy.0 = Debug|x64
		{9E328C98-9480-4E23-A76D-01578142D104}.Debug|x86.ActiveCfg = Debug|x86
		{9E328C98-9480-4E23-A76D-01578142D104}.Debug|x86.Build.0 = Debug|x86
		{9E328C98-9480-4E23-A76D-01578142D104}.Debug|x86.Deploy.0 = Debug|x86
		{9E328C98-9480-4E23-A76D-01578142D104}.Release|Any CPU.ActiveCfg = Release|x86
		{9E328C98-9480-4E23-A76D-01578142D104}.Release|ARM.ActiveCfg = Release|ARM
		{9E328C98-9480-4E23-A76D-01578142D104}.Release|ARM.Build.0 = Release|ARM
		{9E328C98-9480-4E23-A76D-01578142D104}.Release|ARM.Deploy.0 = Release|ARM
		{9E328C98-9480-4E23-A76D-01578142D104}.Release|x64.ActiveCfg = Release|x64
		{9E328C98-9480-4E23-A76D-01578142D104}.Release|x64.Build.0 = Release|x64
		{9E328C98-9480-4E23-A76D-01578142D104}.Release|x64.Deploy.0 = Release|x64
		{9E328C98-9480-4E23-A76D-01578142D104}.Release|x86.ActiveCfg = Release|x86
		{9E328C98-9480-4E23-A76D-01578142D104}.Release|x86.Build.0 = Release|x86
		{9E328C98-9480-4E23-A76D-01578142D104}.Release|x86.Deploy.0 = Release|x86
		{40F03FAC-5C91-4CD1-A760-49A41EC7EB4A}.Debug|Any CPU.ActiveCfg = Debug|Any CPU
		{40F03FAC-5C91-4CD1-A760-49A41EC7EB4A}.Debug|Any CPU.Build.0 = Debug|Any CPU
		{40F03FAC-5C91-4CD1-A760-49A41EC7EB4A}.Debug|ARM.ActiveCfg = Debug|Any CPU
		{40F03FAC-5C91-4CD1-A760-49A41EC7EB4A}.Debug|ARM.Build.0 = Debug|Any CPU
		{40F03FAC-5C91-4CD1-A760-49A41EC7EB4A}.Debug|x64.ActiveCfg = Debug|Any CPU
		{40F03FAC-5C91-4CD1-A760-49A41EC7EB4A}.Debug|x64.Build.0 = Debug|Any CPU
		{40F03FAC-5C91-4CD1-A760-49A41EC7EB4A}.Debug|x86.ActiveCfg = Debug|Any CPU
		{40F03FAC-5C91-4CD1-A760-49A41EC7EB4A}.Debug|x86.Build.0 = Debug|Any CPU
		{40F03FAC-5C91-4CD1-A760-49A41EC7EB4A}.Release|Any CPU.ActiveCfg = Release|Any CPU
		{40F03FAC-5C91-4CD1-A760-49A41EC7EB4A}.Release|Any CPU.Build.0 = Release|Any CPU
		{40F03FAC-5C91-4CD1-A760-49A41EC7EB4A}.Release|ARM.ActiveCfg = Release|Any CPU
		{40F03FAC-5C91-4CD1-A760-49A41EC7EB4A}.Release|ARM.Build.0 = Release|Any CPU
		{40F03FAC-5C91-4CD1-A760-49A41EC7EB4A}.Release|x64.ActiveCfg = Release|Any CPU
		{40F03FAC-5C91-4CD1-A760-49A41EC7EB4A}.Release|x64.Build.0 = Release|Any CPU
		{40F03FAC-5C91-4CD1-A760-49A41EC7EB4A}.Release|x86.ActiveCfg = Release|Any CPU
		{40F03FAC-5C91-4CD1-A760-49A41EC7EB4A}.Release|x86.Build.0 = Release|Any CPU
	EndGlobalSection
	GlobalSection(SolutionProperties) = preSolution
		HideSolutionNode = FALSE
	EndGlobalSection
EndGlobal
