
Microsoft Visual Studio Solution File, Format Version 12.00
# Visual Studio Version 17
VisualStudioVersion = 17.0.31612.314
MinimumVisualStudioVersion = 10.0.40219.1
Project("{9A19103F-16F7-4668-BE54-9A1E7A4F7556}") = "ZoDream.Reader", "ZoDream.Reader\ZoDream.Reader.csproj", "{56B24471-0A2B-4D2A-85B1-834FCA11A3E6}"
EndProject
Project("{9A19103F-16F7-4668-BE54-9A1E7A4F7556}") = "ZoDream.Tests", "ZoDream.Tests\ZoDream.Tests.csproj", "{1808C9DA-1FE6-46FA-BD90-24329DEBF81C}"
EndProject
Project("{9A19103F-16F7-4668-BE54-9A1E7A4F7556}") = "ZoDream.Shared", "ZoDream.Shared\ZoDream.Shared.csproj", "{8EF038F2-3365-486C-A33D-A276BA6B039B}"
EndProject
Project("{2150E333-8FDC-42A3-9474-1A3956D46DE8}") = "UWP", "UWP", "{239C273F-7D2A-4586-A0D7-A5D1528156DC}"
EndProject
Project("{FAE04EC0-301F-11D3-BF4B-00C04F79EFBC}") = "ZoDream.Reader", "UWP\ZoDream.Reader\ZoDream.Reader.csproj", "{15F0607C-43A5-4D6A-9513-07A1B610A4A7}"
EndProject
Project("{9A19103F-16F7-4668-BE54-9A1E7A4F7556}") = "ZoDream.Shared.Controls", "..\shared\ZoDream.Shared.Controls\ZoDream.Shared.Controls.csproj", "{5D78A002-F73E-46EC-A2F3-D68CB857F37C}"
EndProject
Project("{2150E333-8FDC-42A3-9474-1A3956D46DE8}") = "WinUI", "WinUI", "{32413EC9-CCB5-4247-A842-E13F08FF6BEB}"
EndProject
Project("{9A19103F-16F7-4668-BE54-9A1E7A4F7556}") = "ZoDream.Reader", "WinUI\ZoDream.Reader\ZoDream.Reader.csproj", "{02952287-F945-40E6-8E7C-5E62BEAA7AE7}"
EndProject
Project("{9A19103F-16F7-4668-BE54-9A1E7A4F7556}") = "ZoDream.Resources", "ZoDream.Resources\ZoDream.Resources.csproj", "{75942191-5223-41E1-BDFB-609DE52FF6B0}"
EndProject
Project("{9A19103F-16F7-4668-BE54-9A1E7A4F7556}") = "ZoDream.Shared.Repositories", "ZoDream.Shared.Repositories\ZoDream.Shared.Repositories.csproj", "{DA54489A-7B12-47C4-89D5-CE43AB5CBC5C}"
EndProject
Project("{9A19103F-16F7-4668-BE54-9A1E7A4F7556}") = "ZoDream.Shared.Plugins", "ZoDream.Shared.Plugins\ZoDream.Shared.Plugins.csproj", "{2B050AEC-08BE-4641-8D5E-C427FF09FBD8}"
EndProject
Project("{FAE04EC0-301F-11D3-BF4B-00C04F79EFBC}") = "ZoDream.Shared.Font", "ZoDream.Shared.Font\ZoDream.Shared.Font.csproj", "{0D40CC1C-4E79-4102-A95E-3B2F55881F4F}"
EndProject
Project("{9A19103F-16F7-4668-BE54-9A1E7A4F7556}") = "ZoDream.Shared.Http", "..\shared\ZoDream.Shared.Http\ZoDream.Shared.Http.csproj", "{C9B5BBE4-719E-4F60-96F9-9AF963884D7A}"
EndProject
Global
	GlobalSection(SolutionConfigurationPlatforms) = preSolution
		Debug|Any CPU = Debug|Any CPU
		Debug|ARM = Debug|ARM
		Debug|ARM64 = Debug|ARM64
		Debug|x64 = Debug|x64
		Debug|x86 = Debug|x86
		Release|Any CPU = Release|Any CPU
		Release|ARM = Release|ARM
		Release|ARM64 = Release|ARM64
		Release|x64 = Release|x64
		Release|x86 = Release|x86
	EndGlobalSection
	GlobalSection(ProjectConfigurationPlatforms) = postSolution
		{56B24471-0A2B-4D2A-85B1-834FCA11A3E6}.Debug|Any CPU.ActiveCfg = Debug|Any CPU
		{56B24471-0A2B-4D2A-85B1-834FCA11A3E6}.Debug|Any CPU.Build.0 = Debug|Any CPU
		{56B24471-0A2B-4D2A-85B1-834FCA11A3E6}.Debug|ARM.ActiveCfg = Debug|Any CPU
		{56B24471-0A2B-4D2A-85B1-834FCA11A3E6}.Debug|ARM.Build.0 = Debug|Any CPU
		{56B24471-0A2B-4D2A-85B1-834FCA11A3E6}.Debug|ARM64.ActiveCfg = Debug|Any CPU
		{56B24471-0A2B-4D2A-85B1-834FCA11A3E6}.Debug|ARM64.Build.0 = Debug|Any CPU
		{56B24471-0A2B-4D2A-85B1-834FCA11A3E6}.Debug|x64.ActiveCfg = Debug|Any CPU
		{56B24471-0A2B-4D2A-85B1-834FCA11A3E6}.Debug|x64.Build.0 = Debug|Any CPU
		{56B24471-0A2B-4D2A-85B1-834FCA11A3E6}.Debug|x86.ActiveCfg = Debug|Any CPU
		{56B24471-0A2B-4D2A-85B1-834FCA11A3E6}.Debug|x86.Build.0 = Debug|Any CPU
		{56B24471-0A2B-4D2A-85B1-834FCA11A3E6}.Release|Any CPU.ActiveCfg = Release|Any CPU
		{56B24471-0A2B-4D2A-85B1-834FCA11A3E6}.Release|Any CPU.Build.0 = Release|Any CPU
		{56B24471-0A2B-4D2A-85B1-834FCA11A3E6}.Release|ARM.ActiveCfg = Release|Any CPU
		{56B24471-0A2B-4D2A-85B1-834FCA11A3E6}.Release|ARM.Build.0 = Release|Any CPU
		{56B24471-0A2B-4D2A-85B1-834FCA11A3E6}.Release|ARM64.ActiveCfg = Release|Any CPU
		{56B24471-0A2B-4D2A-85B1-834FCA11A3E6}.Release|ARM64.Build.0 = Release|Any CPU
		{56B24471-0A2B-4D2A-85B1-834FCA11A3E6}.Release|x64.ActiveCfg = Release|Any CPU
		{56B24471-0A2B-4D2A-85B1-834FCA11A3E6}.Release|x64.Build.0 = Release|Any CPU
		{56B24471-0A2B-4D2A-85B1-834FCA11A3E6}.Release|x86.ActiveCfg = Release|Any CPU
		{56B24471-0A2B-4D2A-85B1-834FCA11A3E6}.Release|x86.Build.0 = Release|Any CPU
		{1808C9DA-1FE6-46FA-BD90-24329DEBF81C}.Debug|Any CPU.ActiveCfg = Debug|Any CPU
		{1808C9DA-1FE6-46FA-BD90-24329DEBF81C}.Debug|Any CPU.Build.0 = Debug|Any CPU
		{1808C9DA-1FE6-46FA-BD90-24329DEBF81C}.Debug|ARM.ActiveCfg = Debug|Any CPU
		{1808C9DA-1FE6-46FA-BD90-24329DEBF81C}.Debug|ARM.Build.0 = Debug|Any CPU
		{1808C9DA-1FE6-46FA-BD90-24329DEBF81C}.Debug|ARM64.ActiveCfg = Debug|Any CPU
		{1808C9DA-1FE6-46FA-BD90-24329DEBF81C}.Debug|ARM64.Build.0 = Debug|Any CPU
		{1808C9DA-1FE6-46FA-BD90-24329DEBF81C}.Debug|x64.ActiveCfg = Debug|Any CPU
		{1808C9DA-1FE6-46FA-BD90-24329DEBF81C}.Debug|x64.Build.0 = Debug|Any CPU
		{1808C9DA-1FE6-46FA-BD90-24329DEBF81C}.Debug|x86.ActiveCfg = Debug|Any CPU
		{1808C9DA-1FE6-46FA-BD90-24329DEBF81C}.Debug|x86.Build.0 = Debug|Any CPU
		{1808C9DA-1FE6-46FA-BD90-24329DEBF81C}.Release|Any CPU.ActiveCfg = Release|Any CPU
		{1808C9DA-1FE6-46FA-BD90-24329DEBF81C}.Release|Any CPU.Build.0 = Release|Any CPU
		{1808C9DA-1FE6-46FA-BD90-24329DEBF81C}.Release|ARM.ActiveCfg = Release|Any CPU
		{1808C9DA-1FE6-46FA-BD90-24329DEBF81C}.Release|ARM.Build.0 = Release|Any CPU
		{1808C9DA-1FE6-46FA-BD90-24329DEBF81C}.Release|ARM64.ActiveCfg = Release|Any CPU
		{1808C9DA-1FE6-46FA-BD90-24329DEBF81C}.Release|ARM64.Build.0 = Release|Any CPU
		{1808C9DA-1FE6-46FA-BD90-24329DEBF81C}.Release|x64.ActiveCfg = Release|Any CPU
		{1808C9DA-1FE6-46FA-BD90-24329DEBF81C}.Release|x64.Build.0 = Release|Any CPU
		{1808C9DA-1FE6-46FA-BD90-24329DEBF81C}.Release|x86.ActiveCfg = Release|Any CPU
		{1808C9DA-1FE6-46FA-BD90-24329DEBF81C}.Release|x86.Build.0 = Release|Any CPU
		{8EF038F2-3365-486C-A33D-A276BA6B039B}.Debug|Any CPU.ActiveCfg = Debug|Any CPU
		{8EF038F2-3365-486C-A33D-A276BA6B039B}.Debug|Any CPU.Build.0 = Debug|Any CPU
		{8EF038F2-3365-486C-A33D-A276BA6B039B}.Debug|ARM.ActiveCfg = Debug|Any CPU
		{8EF038F2-3365-486C-A33D-A276BA6B039B}.Debug|ARM.Build.0 = Debug|Any CPU
		{8EF038F2-3365-486C-A33D-A276BA6B039B}.Debug|ARM64.ActiveCfg = Debug|Any CPU
		{8EF038F2-3365-486C-A33D-A276BA6B039B}.Debug|ARM64.Build.0 = Debug|Any CPU
		{8EF038F2-3365-486C-A33D-A276BA6B039B}.Debug|x64.ActiveCfg = Debug|Any CPU
		{8EF038F2-3365-486C-A33D-A276BA6B039B}.Debug|x64.Build.0 = Debug|Any CPU
		{8EF038F2-3365-486C-A33D-A276BA6B039B}.Debug|x86.ActiveCfg = Debug|Any CPU
		{8EF038F2-3365-486C-A33D-A276BA6B039B}.Debug|x86.Build.0 = Debug|Any CPU
		{8EF038F2-3365-486C-A33D-A276BA6B039B}.Release|Any CPU.ActiveCfg = Release|Any CPU
		{8EF038F2-3365-486C-A33D-A276BA6B039B}.Release|Any CPU.Build.0 = Release|Any CPU
		{8EF038F2-3365-486C-A33D-A276BA6B039B}.Release|ARM.ActiveCfg = Release|Any CPU
		{8EF038F2-3365-486C-A33D-A276BA6B039B}.Release|ARM.Build.0 = Release|Any CPU
		{8EF038F2-3365-486C-A33D-A276BA6B039B}.Release|ARM64.ActiveCfg = Release|Any CPU
		{8EF038F2-3365-486C-A33D-A276BA6B039B}.Release|ARM64.Build.0 = Release|Any CPU
		{8EF038F2-3365-486C-A33D-A276BA6B039B}.Release|x64.ActiveCfg = Release|Any CPU
		{8EF038F2-3365-486C-A33D-A276BA6B039B}.Release|x64.Build.0 = Release|Any CPU
		{8EF038F2-3365-486C-A33D-A276BA6B039B}.Release|x86.ActiveCfg = Release|Any CPU
		{8EF038F2-3365-486C-A33D-A276BA6B039B}.Release|x86.Build.0 = Release|Any CPU
		{15F0607C-43A5-4D6A-9513-07A1B610A4A7}.Debug|Any CPU.ActiveCfg = Debug|x86
		{15F0607C-43A5-4D6A-9513-07A1B610A4A7}.Debug|ARM.ActiveCfg = Debug|ARM
		{15F0607C-43A5-4D6A-9513-07A1B610A4A7}.Debug|ARM.Build.0 = Debug|ARM
		{15F0607C-43A5-4D6A-9513-07A1B610A4A7}.Debug|ARM.Deploy.0 = Debug|ARM
		{15F0607C-43A5-4D6A-9513-07A1B610A4A7}.Debug|ARM64.ActiveCfg = Debug|ARM64
		{15F0607C-43A5-4D6A-9513-07A1B610A4A7}.Debug|ARM64.Build.0 = Debug|ARM64
		{15F0607C-43A5-4D6A-9513-07A1B610A4A7}.Debug|ARM64.Deploy.0 = Debug|ARM64
		{15F0607C-43A5-4D6A-9513-07A1B610A4A7}.Debug|x64.ActiveCfg = Debug|x64
		{15F0607C-43A5-4D6A-9513-07A1B610A4A7}.Debug|x64.Build.0 = Debug|x64
		{15F0607C-43A5-4D6A-9513-07A1B610A4A7}.Debug|x64.Deploy.0 = Debug|x64
		{15F0607C-43A5-4D6A-9513-07A1B610A4A7}.Debug|x86.ActiveCfg = Debug|x86
		{15F0607C-43A5-4D6A-9513-07A1B610A4A7}.Debug|x86.Build.0 = Debug|x86
		{15F0607C-43A5-4D6A-9513-07A1B610A4A7}.Debug|x86.Deploy.0 = Debug|x86
		{15F0607C-43A5-4D6A-9513-07A1B610A4A7}.Release|Any CPU.ActiveCfg = Release|x86
		{15F0607C-43A5-4D6A-9513-07A1B610A4A7}.Release|ARM.ActiveCfg = Release|ARM
		{15F0607C-43A5-4D6A-9513-07A1B610A4A7}.Release|ARM.Build.0 = Release|ARM
		{15F0607C-43A5-4D6A-9513-07A1B610A4A7}.Release|ARM.Deploy.0 = Release|ARM
		{15F0607C-43A5-4D6A-9513-07A1B610A4A7}.Release|ARM64.ActiveCfg = Release|ARM64
		{15F0607C-43A5-4D6A-9513-07A1B610A4A7}.Release|ARM64.Build.0 = Release|ARM64
		{15F0607C-43A5-4D6A-9513-07A1B610A4A7}.Release|ARM64.Deploy.0 = Release|ARM64
		{15F0607C-43A5-4D6A-9513-07A1B610A4A7}.Release|x64.ActiveCfg = Release|x64
		{15F0607C-43A5-4D6A-9513-07A1B610A4A7}.Release|x64.Build.0 = Release|x64
		{15F0607C-43A5-4D6A-9513-07A1B610A4A7}.Release|x64.Deploy.0 = Release|x64
		{15F0607C-43A5-4D6A-9513-07A1B610A4A7}.Release|x86.ActiveCfg = Release|x86
		{15F0607C-43A5-4D6A-9513-07A1B610A4A7}.Release|x86.Build.0 = Release|x86
		{15F0607C-43A5-4D6A-9513-07A1B610A4A7}.Release|x86.Deploy.0 = Release|x86
		{5D78A002-F73E-46EC-A2F3-D68CB857F37C}.Debug|Any CPU.ActiveCfg = Debug|Any CPU
		{5D78A002-F73E-46EC-A2F3-D68CB857F37C}.Debug|Any CPU.Build.0 = Debug|Any CPU
		{5D78A002-F73E-46EC-A2F3-D68CB857F37C}.Debug|ARM.ActiveCfg = Debug|Any CPU
		{5D78A002-F73E-46EC-A2F3-D68CB857F37C}.Debug|ARM.Build.0 = Debug|Any CPU
		{5D78A002-F73E-46EC-A2F3-D68CB857F37C}.Debug|ARM64.ActiveCfg = Debug|Any CPU
		{5D78A002-F73E-46EC-A2F3-D68CB857F37C}.Debug|ARM64.Build.0 = Debug|Any CPU
		{5D78A002-F73E-46EC-A2F3-D68CB857F37C}.Debug|x64.ActiveCfg = Debug|Any CPU
		{5D78A002-F73E-46EC-A2F3-D68CB857F37C}.Debug|x64.Build.0 = Debug|Any CPU
		{5D78A002-F73E-46EC-A2F3-D68CB857F37C}.Debug|x86.ActiveCfg = Debug|Any CPU
		{5D78A002-F73E-46EC-A2F3-D68CB857F37C}.Debug|x86.Build.0 = Debug|Any CPU
		{5D78A002-F73E-46EC-A2F3-D68CB857F37C}.Release|Any CPU.ActiveCfg = Release|Any CPU
		{5D78A002-F73E-46EC-A2F3-D68CB857F37C}.Release|Any CPU.Build.0 = Release|Any CPU
		{5D78A002-F73E-46EC-A2F3-D68CB857F37C}.Release|ARM.ActiveCfg = Release|Any CPU
		{5D78A002-F73E-46EC-A2F3-D68CB857F37C}.Release|ARM.Build.0 = Release|Any CPU
		{5D78A002-F73E-46EC-A2F3-D68CB857F37C}.Release|ARM64.ActiveCfg = Release|Any CPU
		{5D78A002-F73E-46EC-A2F3-D68CB857F37C}.Release|ARM64.Build.0 = Release|Any CPU
		{5D78A002-F73E-46EC-A2F3-D68CB857F37C}.Release|x64.ActiveCfg = Release|Any CPU
		{5D78A002-F73E-46EC-A2F3-D68CB857F37C}.Release|x64.Build.0 = Release|Any CPU
		{5D78A002-F73E-46EC-A2F3-D68CB857F37C}.Release|x86.ActiveCfg = Release|Any CPU
		{5D78A002-F73E-46EC-A2F3-D68CB857F37C}.Release|x86.Build.0 = Release|Any CPU
		{02952287-F945-40E6-8E7C-5E62BEAA7AE7}.Debug|Any CPU.ActiveCfg = Debug|x64
		{02952287-F945-40E6-8E7C-5E62BEAA7AE7}.Debug|Any CPU.Build.0 = Debug|x64
		{02952287-F945-40E6-8E7C-5E62BEAA7AE7}.Debug|Any CPU.Deploy.0 = Debug|x64
		{02952287-F945-40E6-8E7C-5E62BEAA7AE7}.Debug|ARM.ActiveCfg = Debug|x64
		{02952287-F945-40E6-8E7C-5E62BEAA7AE7}.Debug|ARM.Build.0 = Debug|x64
		{02952287-F945-40E6-8E7C-5E62BEAA7AE7}.Debug|ARM.Deploy.0 = Debug|x64
		{02952287-F945-40E6-8E7C-5E62BEAA7AE7}.Debug|ARM64.ActiveCfg = Debug|ARM64
		{02952287-F945-40E6-8E7C-5E62BEAA7AE7}.Debug|ARM64.Build.0 = Debug|ARM64
		{02952287-F945-40E6-8E7C-5E62BEAA7AE7}.Debug|ARM64.Deploy.0 = Debug|ARM64
		{02952287-F945-40E6-8E7C-5E62BEAA7AE7}.Debug|x64.ActiveCfg = Debug|x64
		{02952287-F945-40E6-8E7C-5E62BEAA7AE7}.Debug|x64.Build.0 = Debug|x64
		{02952287-F945-40E6-8E7C-5E62BEAA7AE7}.Debug|x64.Deploy.0 = Debug|x64
		{02952287-F945-40E6-8E7C-5E62BEAA7AE7}.Debug|x86.ActiveCfg = Debug|x86
		{02952287-F945-40E6-8E7C-5E62BEAA7AE7}.Debug|x86.Build.0 = Debug|x86
		{02952287-F945-40E6-8E7C-5E62BEAA7AE7}.Debug|x86.Deploy.0 = Debug|x86
		{02952287-F945-40E6-8E7C-5E62BEAA7AE7}.Release|Any CPU.ActiveCfg = Release|x64
		{02952287-F945-40E6-8E7C-5E62BEAA7AE7}.Release|Any CPU.Build.0 = Release|x64
		{02952287-F945-40E6-8E7C-5E62BEAA7AE7}.Release|Any CPU.Deploy.0 = Release|x64
		{02952287-F945-40E6-8E7C-5E62BEAA7AE7}.Release|ARM.ActiveCfg = Release|x64
		{02952287-F945-40E6-8E7C-5E62BEAA7AE7}.Release|ARM.Build.0 = Release|x64
		{02952287-F945-40E6-8E7C-5E62BEAA7AE7}.Release|ARM.Deploy.0 = Release|x64
		{02952287-F945-40E6-8E7C-5E62BEAA7AE7}.Release|ARM64.ActiveCfg = Release|ARM64
		{02952287-F945-40E6-8E7C-5E62BEAA7AE7}.Release|ARM64.Build.0 = Release|ARM64
		{02952287-F945-40E6-8E7C-5E62BEAA7AE7}.Release|ARM64.Deploy.0 = Release|ARM64
		{02952287-F945-40E6-8E7C-5E62BEAA7AE7}.Release|x64.ActiveCfg = Release|x64
		{02952287-F945-40E6-8E7C-5E62BEAA7AE7}.Release|x64.Build.0 = Release|x64
		{02952287-F945-40E6-8E7C-5E62BEAA7AE7}.Release|x64.Deploy.0 = Release|x64
		{02952287-F945-40E6-8E7C-5E62BEAA7AE7}.Release|x86.ActiveCfg = Release|x86
		{02952287-F945-40E6-8E7C-5E62BEAA7AE7}.Release|x86.Build.0 = Release|x86
		{02952287-F945-40E6-8E7C-5E62BEAA7AE7}.Release|x86.Deploy.0 = Release|x86
		{75942191-5223-41E1-BDFB-609DE52FF6B0}.Debug|Any CPU.ActiveCfg = Debug|Any CPU
		{75942191-5223-41E1-BDFB-609DE52FF6B0}.Debug|Any CPU.Build.0 = Debug|Any CPU
		{75942191-5223-41E1-BDFB-609DE52FF6B0}.Debug|ARM.ActiveCfg = Debug|Any CPU
		{75942191-5223-41E1-BDFB-609DE52FF6B0}.Debug|ARM.Build.0 = Debug|Any CPU
		{75942191-5223-41E1-BDFB-609DE52FF6B0}.Debug|ARM64.ActiveCfg = Debug|Any CPU
		{75942191-5223-41E1-BDFB-609DE52FF6B0}.Debug|ARM64.Build.0 = Debug|Any CPU
		{75942191-5223-41E1-BDFB-609DE52FF6B0}.Debug|x64.ActiveCfg = Debug|Any CPU
		{75942191-5223-41E1-BDFB-609DE52FF6B0}.Debug|x64.Build.0 = Debug|Any CPU
		{75942191-5223-41E1-BDFB-609DE52FF6B0}.Debug|x86.ActiveCfg = Debug|Any CPU
		{75942191-5223-41E1-BDFB-609DE52FF6B0}.Debug|x86.Build.0 = Debug|Any CPU
		{75942191-5223-41E1-BDFB-609DE52FF6B0}.Release|Any CPU.ActiveCfg = Release|Any CPU
		{75942191-5223-41E1-BDFB-609DE52FF6B0}.Release|Any CPU.Build.0 = Release|Any CPU
		{75942191-5223-41E1-BDFB-609DE52FF6B0}.Release|ARM.ActiveCfg = Release|Any CPU
		{75942191-5223-41E1-BDFB-609DE52FF6B0}.Release|ARM.Build.0 = Release|Any CPU
		{75942191-5223-41E1-BDFB-609DE52FF6B0}.Release|ARM64.ActiveCfg = Release|Any CPU
		{75942191-5223-41E1-BDFB-609DE52FF6B0}.Release|ARM64.Build.0 = Release|Any CPU
		{75942191-5223-41E1-BDFB-609DE52FF6B0}.Release|x64.ActiveCfg = Release|Any CPU
		{75942191-5223-41E1-BDFB-609DE52FF6B0}.Release|x64.Build.0 = Release|Any CPU
		{75942191-5223-41E1-BDFB-609DE52FF6B0}.Release|x86.ActiveCfg = Release|Any CPU
		{75942191-5223-41E1-BDFB-609DE52FF6B0}.Release|x86.Build.0 = Release|Any CPU
		{DA54489A-7B12-47C4-89D5-CE43AB5CBC5C}.Debug|Any CPU.ActiveCfg = Debug|Any CPU
		{DA54489A-7B12-47C4-89D5-CE43AB5CBC5C}.Debug|Any CPU.Build.0 = Debug|Any CPU
		{DA54489A-7B12-47C4-89D5-CE43AB5CBC5C}.Debug|ARM.ActiveCfg = Debug|Any CPU
		{DA54489A-7B12-47C4-89D5-CE43AB5CBC5C}.Debug|ARM.Build.0 = Debug|Any CPU
		{DA54489A-7B12-47C4-89D5-CE43AB5CBC5C}.Debug|ARM64.ActiveCfg = Debug|Any CPU
		{DA54489A-7B12-47C4-89D5-CE43AB5CBC5C}.Debug|ARM64.Build.0 = Debug|Any CPU
		{DA54489A-7B12-47C4-89D5-CE43AB5CBC5C}.Debug|x64.ActiveCfg = Debug|Any CPU
		{DA54489A-7B12-47C4-89D5-CE43AB5CBC5C}.Debug|x64.Build.0 = Debug|Any CPU
		{DA54489A-7B12-47C4-89D5-CE43AB5CBC5C}.Debug|x86.ActiveCfg = Debug|Any CPU
		{DA54489A-7B12-47C4-89D5-CE43AB5CBC5C}.Debug|x86.Build.0 = Debug|Any CPU
		{DA54489A-7B12-47C4-89D5-CE43AB5CBC5C}.Release|Any CPU.ActiveCfg = Release|Any CPU
		{DA54489A-7B12-47C4-89D5-CE43AB5CBC5C}.Release|Any CPU.Build.0 = Release|Any CPU
		{DA54489A-7B12-47C4-89D5-CE43AB5CBC5C}.Release|ARM.ActiveCfg = Release|Any CPU
		{DA54489A-7B12-47C4-89D5-CE43AB5CBC5C}.Release|ARM.Build.0 = Release|Any CPU
		{DA54489A-7B12-47C4-89D5-CE43AB5CBC5C}.Release|ARM64.ActiveCfg = Release|Any CPU
		{DA54489A-7B12-47C4-89D5-CE43AB5CBC5C}.Release|ARM64.Build.0 = Release|Any CPU
		{DA54489A-7B12-47C4-89D5-CE43AB5CBC5C}.Release|x64.ActiveCfg = Release|Any CPU
		{DA54489A-7B12-47C4-89D5-CE43AB5CBC5C}.Release|x64.Build.0 = Release|Any CPU
		{DA54489A-7B12-47C4-89D5-CE43AB5CBC5C}.Release|x86.ActiveCfg = Release|Any CPU
		{DA54489A-7B12-47C4-89D5-CE43AB5CBC5C}.Release|x86.Build.0 = Release|Any CPU
		{2B050AEC-08BE-4641-8D5E-C427FF09FBD8}.Debug|Any CPU.ActiveCfg = Debug|Any CPU
		{2B050AEC-08BE-4641-8D5E-C427FF09FBD8}.Debug|Any CPU.Build.0 = Debug|Any CPU
		{2B050AEC-08BE-4641-8D5E-C427FF09FBD8}.Debug|ARM.ActiveCfg = Debug|Any CPU
		{2B050AEC-08BE-4641-8D5E-C427FF09FBD8}.Debug|ARM.Build.0 = Debug|Any CPU
		{2B050AEC-08BE-4641-8D5E-C427FF09FBD8}.Debug|ARM64.ActiveCfg = Debug|Any CPU
		{2B050AEC-08BE-4641-8D5E-C427FF09FBD8}.Debug|ARM64.Build.0 = Debug|Any CPU
		{2B050AEC-08BE-4641-8D5E-C427FF09FBD8}.Debug|x64.ActiveCfg = Debug|Any CPU
		{2B050AEC-08BE-4641-8D5E-C427FF09FBD8}.Debug|x64.Build.0 = Debug|Any CPU
		{2B050AEC-08BE-4641-8D5E-C427FF09FBD8}.Debug|x86.ActiveCfg = Debug|Any CPU
		{2B050AEC-08BE-4641-8D5E-C427FF09FBD8}.Debug|x86.Build.0 = Debug|Any CPU
		{2B050AEC-08BE-4641-8D5E-C427FF09FBD8}.Release|Any CPU.ActiveCfg = Release|Any CPU
		{2B050AEC-08BE-4641-8D5E-C427FF09FBD8}.Release|Any CPU.Build.0 = Release|Any CPU
		{2B050AEC-08BE-4641-8D5E-C427FF09FBD8}.Release|ARM.ActiveCfg = Release|Any CPU
		{2B050AEC-08BE-4641-8D5E-C427FF09FBD8}.Release|ARM.Build.0 = Release|Any CPU
		{2B050AEC-08BE-4641-8D5E-C427FF09FBD8}.Release|ARM64.ActiveCfg = Release|Any CPU
		{2B050AEC-08BE-4641-8D5E-C427FF09FBD8}.Release|ARM64.Build.0 = Release|Any CPU
		{2B050AEC-08BE-4641-8D5E-C427FF09FBD8}.Release|x64.ActiveCfg = Release|Any CPU
		{2B050AEC-08BE-4641-8D5E-C427FF09FBD8}.Release|x64.Build.0 = Release|Any CPU
		{2B050AEC-08BE-4641-8D5E-C427FF09FBD8}.Release|x86.ActiveCfg = Release|Any CPU
		{2B050AEC-08BE-4641-8D5E-C427FF09FBD8}.Release|x86.Build.0 = Release|Any CPU
		{0D40CC1C-4E79-4102-A95E-3B2F55881F4F}.Debug|Any CPU.ActiveCfg = Debug|Any CPU
		{0D40CC1C-4E79-4102-A95E-3B2F55881F4F}.Debug|Any CPU.Build.0 = Debug|Any CPU
		{0D40CC1C-4E79-4102-A95E-3B2F55881F4F}.Debug|ARM.ActiveCfg = Debug|Any CPU
		{0D40CC1C-4E79-4102-A95E-3B2F55881F4F}.Debug|ARM.Build.0 = Debug|Any CPU
		{0D40CC1C-4E79-4102-A95E-3B2F55881F4F}.Debug|ARM64.ActiveCfg = Debug|Any CPU
		{0D40CC1C-4E79-4102-A95E-3B2F55881F4F}.Debug|ARM64.Build.0 = Debug|Any CPU
		{0D40CC1C-4E79-4102-A95E-3B2F55881F4F}.Debug|x64.ActiveCfg = Debug|Any CPU
		{0D40CC1C-4E79-4102-A95E-3B2F55881F4F}.Debug|x64.Build.0 = Debug|Any CPU
		{0D40CC1C-4E79-4102-A95E-3B2F55881F4F}.Debug|x86.ActiveCfg = Debug|Any CPU
		{0D40CC1C-4E79-4102-A95E-3B2F55881F4F}.Debug|x86.Build.0 = Debug|Any CPU
		{0D40CC1C-4E79-4102-A95E-3B2F55881F4F}.Release|Any CPU.ActiveCfg = Release|Any CPU
		{0D40CC1C-4E79-4102-A95E-3B2F55881F4F}.Release|Any CPU.Build.0 = Release|Any CPU
		{0D40CC1C-4E79-4102-A95E-3B2F55881F4F}.Release|ARM.ActiveCfg = Release|Any CPU
		{0D40CC1C-4E79-4102-A95E-3B2F55881F4F}.Release|ARM.Build.0 = Release|Any CPU
		{0D40CC1C-4E79-4102-A95E-3B2F55881F4F}.Release|ARM64.ActiveCfg = Release|Any CPU
		{0D40CC1C-4E79-4102-A95E-3B2F55881F4F}.Release|ARM64.Build.0 = Release|Any CPU
		{0D40CC1C-4E79-4102-A95E-3B2F55881F4F}.Release|x64.ActiveCfg = Release|Any CPU
		{0D40CC1C-4E79-4102-A95E-3B2F55881F4F}.Release|x64.Build.0 = Release|Any CPU
		{0D40CC1C-4E79-4102-A95E-3B2F55881F4F}.Release|x86.ActiveCfg = Release|Any CPU
		{0D40CC1C-4E79-4102-A95E-3B2F55881F4F}.Release|x86.Build.0 = Release|Any CPU
		{C9B5BBE4-719E-4F60-96F9-9AF963884D7A}.Debug|Any CPU.ActiveCfg = Debug|Any CPU
		{C9B5BBE4-719E-4F60-96F9-9AF963884D7A}.Debug|Any CPU.Build.0 = Debug|Any CPU
		{C9B5BBE4-719E-4F60-96F9-9AF963884D7A}.Debug|ARM.ActiveCfg = Debug|Any CPU
		{C9B5BBE4-719E-4F60-96F9-9AF963884D7A}.Debug|ARM.Build.0 = Debug|Any CPU
		{C9B5BBE4-719E-4F60-96F9-9AF963884D7A}.Debug|ARM64.ActiveCfg = Debug|Any CPU
		{C9B5BBE4-719E-4F60-96F9-9AF963884D7A}.Debug|ARM64.Build.0 = Debug|Any CPU
		{C9B5BBE4-719E-4F60-96F9-9AF963884D7A}.Debug|x64.ActiveCfg = Debug|Any CPU
		{C9B5BBE4-719E-4F60-96F9-9AF963884D7A}.Debug|x64.Build.0 = Debug|Any CPU
		{C9B5BBE4-719E-4F60-96F9-9AF963884D7A}.Debug|x86.ActiveCfg = Debug|Any CPU
		{C9B5BBE4-719E-4F60-96F9-9AF963884D7A}.Debug|x86.Build.0 = Debug|Any CPU
		{C9B5BBE4-719E-4F60-96F9-9AF963884D7A}.Release|Any CPU.ActiveCfg = Release|Any CPU
		{C9B5BBE4-719E-4F60-96F9-9AF963884D7A}.Release|Any CPU.Build.0 = Release|Any CPU
		{C9B5BBE4-719E-4F60-96F9-9AF963884D7A}.Release|ARM.ActiveCfg = Release|Any CPU
		{C9B5BBE4-719E-4F60-96F9-9AF963884D7A}.Release|ARM.Build.0 = Release|Any CPU
		{C9B5BBE4-719E-4F60-96F9-9AF963884D7A}.Release|ARM64.ActiveCfg = Release|Any CPU
		{C9B5BBE4-719E-4F60-96F9-9AF963884D7A}.Release|ARM64.Build.0 = Release|Any CPU
		{C9B5BBE4-719E-4F60-96F9-9AF963884D7A}.Release|x64.ActiveCfg = Release|Any CPU
		{C9B5BBE4-719E-4F60-96F9-9AF963884D7A}.Release|x64.Build.0 = Release|Any CPU
		{C9B5BBE4-719E-4F60-96F9-9AF963884D7A}.Release|x86.ActiveCfg = Release|Any CPU
		{C9B5BBE4-719E-4F60-96F9-9AF963884D7A}.Release|x86.Build.0 = Release|Any CPU
	EndGlobalSection
	GlobalSection(SolutionProperties) = preSolution
		HideSolutionNode = FALSE
	EndGlobalSection
	GlobalSection(NestedProjects) = preSolution
		{15F0607C-43A5-4D6A-9513-07A1B610A4A7} = {239C273F-7D2A-4586-A0D7-A5D1528156DC}
		{02952287-F945-40E6-8E7C-5E62BEAA7AE7} = {32413EC9-CCB5-4247-A842-E13F08FF6BEB}
	EndGlobalSection
	GlobalSection(ExtensibilityGlobals) = postSolution
		SolutionGuid = {163A9393-4C99-4DF5-9BEB-39D2246EE37D}
	EndGlobalSection
EndGlobal
